
Microsoft Visual Studio Solution File, Format Version 12.00
# Visual Studio Version 17
VisualStudioVersion = 17.8.34309.116
MinimumVisualStudioVersion = 10.0.40219.1
Project("{2150E333-8FDC-42A3-9474-1A3956D46DE8}") = "src", "src", "{8B333D90-268E-4662-A828-9B1890999FD6}"
EndProject
Project("{2150E333-8FDC-42A3-9474-1A3956D46DE8}") = "CarSystem", "CarSystem", "{1D30ECC0-C966-49F5-87B7-A9B0E0D4C877}"
EndProject
Project("{2150E333-8FDC-42A3-9474-1A3956D46DE8}") = "TourismSystem", "TourismSystem", "{EA729FC7-88AE-4B90-8E68-65149CFCE917}"
EndProject
Project("{2150E333-8FDC-42A3-9474-1A3956D46DE8}") = "AppartmentSystem", "AppartmentSystem", "{06279D03-14E0-44FC-AD0B-31B391C0B24A}"
EndProject
Project("{2150E333-8FDC-42A3-9474-1A3956D46DE8}") = "SchoolSystem", "SchoolSystem", "{AEF5512D-223B-42C4-95EB-4CCD1F4C4E9D}"
EndProject
Project("{9A19103F-16F7-4668-BE54-9A1E7A4F7556}") = "AppartmentSystem.Api", "AppartmentSystem.Api\AppartmentSystem.Api.csproj", "{F5BD1BA4-8CA9-4766-A035-A19BDFE4B091}"
EndProject
Project("{9A19103F-16F7-4668-BE54-9A1E7A4F7556}") = "AppartmentSystem.DataAccess", "AppartmentSystem.DataAccess\AppartmentSystem.DataAccess.csproj", "{9C657BFF-17FE-4EA6-9D6B-0B72C5E28596}"
EndProject
Project("{9A19103F-16F7-4668-BE54-9A1E7A4F7556}") = "AppartmentSystem.Domain", "AppartmentSystem.Domain\AppartmentSystem.Domain.csproj", "{9C011D85-194D-417D-964F-C0B8FE943ED7}"
EndProject
Project("{9A19103F-16F7-4668-BE54-9A1E7A4F7556}") = "AppartmentSystem.Service", "AppartmentSystem.Service\AppartmentSystem.Service.csproj", "{7F501ECE-9B40-455E-A39A-28716CC549DD}"
EndProject
Project("{9A19103F-16F7-4668-BE54-9A1E7A4F7556}") = "CarSystem.Api", "CarSystem.Api\CarSystem.Api.csproj", "{9AF8435E-1DD9-4DEA-BD96-F5BBD006F77E}"
EndProject
Project("{9A19103F-16F7-4668-BE54-9A1E7A4F7556}") = "CarSystem.DataAccess", "CarSystem.DataAccess\CarSystem.DataAccess.csproj", "{DED65C1C-860B-4AEF-9F65-05A50E1CB54C}"
EndProject
Project("{9A19103F-16F7-4668-BE54-9A1E7A4F7556}") = "CarSystem.Domain", "CarSystem.Domain\CarSystem.Domain.csproj", "{959056C0-3A49-46DC-922C-7CF5267C8324}"
EndProject
Project("{9A19103F-16F7-4668-BE54-9A1E7A4F7556}") = "CarSystem.Service", "CarSystem.Service\CarSystem.Service.csproj", "{E491CACF-8BBB-4ECD-83A9-F9B30BE0897E}"
EndProject
Project("{9A19103F-16F7-4668-BE54-9A1E7A4F7556}") = "SchoolSystem.Api", "SchoolSystem.Api\SchoolSystem.Api.csproj", "{351D0D27-13FE-4110-9DD9-049DAE965DFC}"
EndProject
Project("{9A19103F-16F7-4668-BE54-9A1E7A4F7556}") = "SchoolSystem.DataAccess", "SchoolSystem.DataAccess\SchoolSystem.DataAccess.csproj", "{F1EDA8DA-B023-470A-9905-DE10D2818106}"
EndProject
Project("{9A19103F-16F7-4668-BE54-9A1E7A4F7556}") = "SchoolSystem.Domain", "SchoolSystem.Domain\SchoolSystem.Domain.csproj", "{42E5984F-8AAF-4D44-9C04-B05CAE38EB25}"
EndProject
Project("{9A19103F-16F7-4668-BE54-9A1E7A4F7556}") = "SchoolSystem.Service", "SchoolSystem.Service\SchoolSystem.Service.csproj", "{C1B9A8E8-430E-4BC6-B005-C3B344FD4B1A}"
EndProject
Project("{9A19103F-16F7-4668-BE54-9A1E7A4F7556}") = "TourismSystem.Api", "TourismSystem.Api\TourismSystem.Api.csproj", "{79594433-EEC9-47BC-B23A-6B1CD45CDD0F}"
EndProject
Project("{9A19103F-16F7-4668-BE54-9A1E7A4F7556}") = "TourismSystem.DataAccess", "TourismSystem.DataAccess\TourismSystem.DataAccess.csproj", "{FB191327-D4B9-4668-BB86-BCC7B1DC621D}"
EndProject
Project("{9A19103F-16F7-4668-BE54-9A1E7A4F7556}") = "TourismSystem.Domain", "TourismSystem.Domain\TourismSystem.Domain.csproj", "{D82B6F81-A37B-467B-BAA2-20FFB9CC8B5E}"
EndProject
Project("{9A19103F-16F7-4668-BE54-9A1E7A4F7556}") = "TourismSystem.Service", "TourismSystem.Service\TourismSystem.Service.csproj", "{DB71BA93-8952-4A68-854C-C511840A784D}"
EndProject
Project("{E53339B2-1760-4266-BCC7-CA923CBCF16C}") = "docker-compose", "docker-compose.dcproj", "{A0163FEC-94C8-4F8D-8FAB-E92F5C5F70BA}"
EndProject
Global
	GlobalSection(SolutionConfigurationPlatforms) = preSolution
		Debug|Any CPU = Debug|Any CPU
		Release|Any CPU = Release|Any CPU
	EndGlobalSection
	GlobalSection(ProjectConfigurationPlatforms) = postSolution
		{F5BD1BA4-8CA9-4766-A035-A19BDFE4B091}.Debug|Any CPU.ActiveCfg = Debug|Any CPU
		{F5BD1BA4-8CA9-4766-A035-A19BDFE4B091}.Debug|Any CPU.Build.0 = Debug|Any CPU
		{F5BD1BA4-8CA9-4766-A035-A19BDFE4B091}.Release|Any CPU.ActiveCfg = Release|Any CPU
		{F5BD1BA4-8CA9-4766-A035-A19BDFE4B091}.Release|Any CPU.Build.0 = Release|Any CPU
		{9C657BFF-17FE-4EA6-9D6B-0B72C5E28596}.Debug|Any CPU.ActiveCfg = Debug|Any CPU
		{9C657BFF-17FE-4EA6-9D6B-0B72C5E28596}.Debug|Any CPU.Build.0 = Debug|Any CPU
		{9C657BFF-17FE-4EA6-9D6B-0B72C5E28596}.Release|Any CPU.ActiveCfg = Release|Any CPU
		{9C657BFF-17FE-4EA6-9D6B-0B72C5E28596}.Release|Any CPU.Build.0 = Release|Any CPU
		{9C011D85-194D-417D-964F-C0B8FE943ED7}.Debug|Any CPU.ActiveCfg = Debug|Any CPU
		{9C011D85-194D-417D-964F-C0B8FE943ED7}.Debug|Any CPU.Build.0 = Debug|Any CPU
		{9C011D85-194D-417D-964F-C0B8FE943ED7}.Release|Any CPU.ActiveCfg = Release|Any CPU
		{9C011D85-194D-417D-964F-C0B8FE943ED7}.Release|Any CPU.Build.0 = Release|Any CPU
		{7F501ECE-9B40-455E-A39A-28716CC549DD}.Debug|Any CPU.ActiveCfg = Debug|Any CPU
		{7F501ECE-9B40-455E-A39A-28716CC549DD}.Debug|Any CPU.Build.0 = Debug|Any CPU
		{7F501ECE-9B40-455E-A39A-28716CC549DD}.Release|Any CPU.ActiveCfg = Release|Any CPU
		{7F501ECE-9B40-455E-A39A-28716CC549DD}.Release|Any CPU.Build.0 = Release|Any CPU
		{9AF8435E-1DD9-4DEA-BD96-F5BBD006F77E}.Debug|Any CPU.ActiveCfg = Debug|Any CPU
		{9AF8435E-1DD9-4DEA-BD96-F5BBD006F77E}.Debug|Any CPU.Build.0 = Debug|Any CPU
		{9AF8435E-1DD9-4DEA-BD96-F5BBD006F77E}.Release|Any CPU.ActiveCfg = Release|Any CPU
		{9AF8435E-1DD9-4DEA-BD96-F5BBD006F77E}.Release|Any CPU.Build.0 = Release|Any CPU
		{DED65C1C-860B-4AEF-9F65-05A50E1CB54C}.Debug|Any CPU.ActiveCfg = Debug|Any CPU
		{DED65C1C-860B-4AEF-9F65-05A50E1CB54C}.Debug|Any CPU.Build.0 = Debug|Any CPU
		{DED65C1C-860B-4AEF-9F65-05A50E1CB54C}.Release|Any CPU.ActiveCfg = Release|Any CPU
		{DED65C1C-860B-4AEF-9F65-05A50E1CB54C}.Release|Any CPU.Build.0 = Release|Any CPU
		{959056C0-3A49-46DC-922C-7CF5267C8324}.Debug|Any CPU.ActiveCfg = Debug|Any CPU
		{959056C0-3A49-46DC-922C-7CF5267C8324}.Debug|Any CPU.Build.0 = Debug|Any CPU
		{959056C0-3A49-46DC-922C-7CF5267C8324}.Release|Any CPU.ActiveCfg = Release|Any CPU
		{959056C0-3A49-46DC-922C-7CF5267C8324}.Release|Any CPU.Build.0 = Release|Any CPU
		{E491CACF-8BBB-4ECD-83A9-F9B30BE0897E}.Debug|Any CPU.ActiveCfg = Debug|Any CPU
		{E491CACF-8BBB-4ECD-83A9-F9B30BE0897E}.Debug|Any CPU.Build.0 = Debug|Any CPU
		{E491CACF-8BBB-4ECD-83A9-F9B30BE0897E}.Release|Any CPU.ActiveCfg = Release|Any CPU
		{E491CACF-8BBB-4ECD-83A9-F9B30BE0897E}.Release|Any CPU.Build.0 = Release|Any CPU
		{351D0D27-13FE-4110-9DD9-049DAE965DFC}.Debug|Any CPU.ActiveCfg = Debug|Any CPU
		{351D0D27-13FE-4110-9DD9-049DAE965DFC}.Debug|Any CPU.Build.0 = Debug|Any CPU
		{351D0D27-13FE-4110-9DD9-049DAE965DFC}.Release|Any CPU.ActiveCfg = Release|Any CPU
		{351D0D27-13FE-4110-9DD9-049DAE965DFC}.Release|Any CPU.Build.0 = Release|Any CPU
		{F1EDA8DA-B023-470A-9905-DE10D2818106}.Debug|Any CPU.ActiveCfg = Debug|Any CPU
		{F1EDA8DA-B023-470A-9905-DE10D2818106}.Debug|Any CPU.Build.0 = Debug|Any CPU
		{F1EDA8DA-B023-470A-9905-DE10D2818106}.Release|Any CPU.ActiveCfg = Release|Any CPU
		{F1EDA8DA-B023-470A-9905-DE10D2818106}.Release|Any CPU.Build.0 = Release|Any CPU
		{42E5984F-8AAF-4D44-9C04-B05CAE38EB25}.Debug|Any CPU.ActiveCfg = Debug|Any CPU
		{42E5984F-8AAF-4D44-9C04-B05CAE38EB25}.Debug|Any CPU.Build.0 = Debug|Any CPU
		{42E5984F-8AAF-4D44-9C04-B05CAE38EB25}.Release|Any CPU.ActiveCfg = Release|Any CPU
		{42E5984F-8AAF-4D44-9C04-B05CAE38EB25}.Release|Any CPU.Build.0 = Release|Any CPU
		{C1B9A8E8-430E-4BC6-B005-C3B344FD4B1A}.Debug|Any CPU.ActiveCfg = Debug|Any CPU
		{C1B9A8E8-430E-4BC6-B005-C3B344FD4B1A}.Debug|Any CPU.Build.0 = Debug|Any CPU
		{C1B9A8E8-430E-4BC6-B005-C3B344FD4B1A}.Release|Any CPU.ActiveCfg = Release|Any CPU
		{C1B9A8E8-430E-4BC6-B005-C3B344FD4B1A}.Release|Any CPU.Build.0 = Release|Any CPU
		{79594433-EEC9-47BC-B23A-6B1CD45CDD0F}.Debug|Any CPU.ActiveCfg = Debug|Any CPU
		{79594433-EEC9-47BC-B23A-6B1CD45CDD0F}.Debug|Any CPU.Build.0 = Debug|Any CPU
		{79594433-EEC9-47BC-B23A-6B1CD45CDD0F}.Release|Any CPU.ActiveCfg = Release|Any CPU
		{79594433-EEC9-47BC-B23A-6B1CD45CDD0F}.Release|Any CPU.Build.0 = Release|Any CPU
		{FB191327-D4B9-4668-BB86-BCC7B1DC621D}.Debug|Any CPU.ActiveCfg = Debug|Any CPU
		{FB191327-D4B9-4668-BB86-BCC7B1DC621D}.Debug|Any CPU.Build.0 = Debug|Any CPU
		{FB191327-D4B9-4668-BB86-BCC7B1DC621D}.Release|Any CPU.ActiveCfg = Release|Any CPU
		{FB191327-D4B9-4668-BB86-BCC7B1DC621D}.Release|Any CPU.Build.0 = Release|Any CPU
		{D82B6F81-A37B-467B-BAA2-20FFB9CC8B5E}.Debug|Any CPU.ActiveCfg = Debug|Any CPU
		{D82B6F81-A37B-467B-BAA2-20FFB9CC8B5E}.Debug|Any CPU.Build.0 = Debug|Any CPU
		{D82B6F81-A37B-467B-BAA2-20FFB9CC8B5E}.Release|Any CPU.ActiveCfg = Release|Any CPU
		{D82B6F81-A37B-467B-BAA2-20FFB9CC8B5E}.Release|Any CPU.Build.0 = Release|Any CPU
		{DB71BA93-8952-4A68-854C-C511840A784D}.Debug|Any CPU.ActiveCfg = Debug|Any CPU
		{DB71BA93-8952-4A68-854C-C511840A784D}.Debug|Any CPU.Build.0 = Debug|Any CPU
		{DB71BA93-8952-4A68-854C-C511840A784D}.Release|Any CPU.ActiveCfg = Release|Any CPU
		{DB71BA93-8952-4A68-854C-C511840A784D}.Release|Any CPU.Build.0 = Release|Any CPU
		{A0163FEC-94C8-4F8D-8FAB-E92F5C5F70BA}.Debug|Any CPU.ActiveCfg = Debug|Any CPU
		{A0163FEC-94C8-4F8D-8FAB-E92F5C5F70BA}.Debug|Any CPU.Build.0 = Debug|Any CPU
		{A0163FEC-94C8-4F8D-8FAB-E92F5C5F70BA}.Release|Any CPU.ActiveCfg = Release|Any CPU
		{A0163FEC-94C8-4F8D-8FAB-E92F5C5F70BA}.Release|Any CPU.Build.0 = Release|Any CPU
	EndGlobalSection
	GlobalSection(SolutionProperties) = preSolution
		HideSolutionNode = FALSE
	EndGlobalSection
	GlobalSection(NestedProjects) = preSolution
		{1D30ECC0-C966-49F5-87B7-A9B0E0D4C877} = {8B333D90-268E-4662-A828-9B1890999FD6}
		{EA729FC7-88AE-4B90-8E68-65149CFCE917} = {8B333D90-268E-4662-A828-9B1890999FD6}
		{06279D03-14E0-44FC-AD0B-31B391C0B24A} = {8B333D90-268E-4662-A828-9B1890999FD6}
		{AEF5512D-223B-42C4-95EB-4CCD1F4C4E9D} = {8B333D90-268E-4662-A828-9B1890999FD6}
		{F5BD1BA4-8CA9-4766-A035-A19BDFE4B091} = {06279D03-14E0-44FC-AD0B-31B391C0B24A}
		{9C657BFF-17FE-4EA6-9D6B-0B72C5E28596} = {06279D03-14E0-44FC-AD0B-31B391C0B24A}
		{9C011D85-194D-417D-964F-C0B8FE943ED7} = {06279D03-14E0-44FC-AD0B-31B391C0B24A}
		{7F501ECE-9B40-455E-A39A-28716CC549DD} = {06279D03-14E0-44FC-AD0B-31B391C0B24A}
		{9AF8435E-1DD9-4DEA-BD96-F5BBD006F77E} = {1D30ECC0-C966-49F5-87B7-A9B0E0D4C877}
		{DED65C1C-860B-4AEF-9F65-05A50E1CB54C} = {1D30ECC0-C966-49F5-87B7-A9B0E0D4C877}
		{959056C0-3A49-46DC-922C-7CF5267C8324} = {1D30ECC0-C966-49F5-87B7-A9B0E0D4C877}
		{E491CACF-8BBB-4ECD-83A9-F9B30BE0897E} = {1D30ECC0-C966-49F5-87B7-A9B0E0D4C877}
		{351D0D27-13FE-4110-9DD9-049DAE965DFC} = {AEF5512D-223B-42C4-95EB-4CCD1F4C4E9D}
		{F1EDA8DA-B023-470A-9905-DE10D2818106} = {AEF5512D-223B-42C4-95EB-4CCD1F4C4E9D}
		{42E5984F-8AAF-4D44-9C04-B05CAE38EB25} = {AEF5512D-223B-42C4-95EB-4CCD1F4C4E9D}
		{C1B9A8E8-430E-4BC6-B005-C3B344FD4B1A} = {AEF5512D-223B-42C4-95EB-4CCD1F4C4E9D}
		{79594433-EEC9-47BC-B23A-6B1CD45CDD0F} = {EA729FC7-88AE-4B90-8E68-65149CFCE917}
		{FB191327-D4B9-4668-BB86-BCC7B1DC621D} = {EA729FC7-88AE-4B90-8E68-65149CFCE917}
		{D82B6F81-A37B-467B-BAA2-20FFB9CC8B5E} = {EA729FC7-88AE-4B90-8E68-65149CFCE917}
		{DB71BA93-8952-4A68-854C-C511840A784D} = {EA729FC7-88AE-4B90-8E68-65149CFCE917}
	EndGlobalSection
	GlobalSection(ExtensibilityGlobals) = postSolution
		SolutionGuid = {5A9D9886-555B-42EE-AB7A-428066EB9709}
	EndGlobalSection
EndGlobal
